
Microsoft Visual Studio Solution File, Format Version 12.00
# Visual Studio Version 17
VisualStudioVersion = 17.5.33516.290
MinimumVisualStudioVersion = 10.0.40219.1
Project("{888888A0-9F3D-457C-B088-3A5042F75D52}") = "module2 exercise homework assignments", "module2 exercise homework assignments\module2 exercise homework assignments.pyproj", "{3283F5BC-DE43-40AC-A735-BE7E0A42268C}"
EndProject
Global
	GlobalSection(SolutionConfigurationPlatforms) = preSolution
		Debug|Any CPU = Debug|Any CPU
		Release|Any CPU = Release|Any CPU
	EndGlobalSection
	GlobalSection(ProjectConfigurationPlatforms) = postSolution
		{3283F5BC-DE43-40AC-A735-BE7E0A42268C}.Debug|Any CPU.ActiveCfg = Debug|Any CPU
		{3283F5BC-DE43-40AC-A735-BE7E0A42268C}.Release|Any CPU.ActiveCfg = Release|Any CPU
	EndGlobalSection
	GlobalSection(SolutionProperties) = preSolution
		HideSolutionNode = FALSE
	EndGlobalSection
	GlobalSection(ExtensibilityGlobals) = postSolution
		SolutionGuid = {3B67C8D9-FA23-4A70-AACC-5F0972B88C1C}
	EndGlobalSection
EndGlobal
